// !$*UTF8*$!
{
	archiveVersion = 1;
	classes = {
	};
	objectVersion = 50;
	objects = {

/* Begin PBXBuildFile section */
		11A012F1247A190600AD51F3 /* GridLayout.swift in Sources */ = {isa = PBXBuildFile; fileRef = 11A012F0247A190600AD51F3 /* GridLayout.swift */; };
		11DB97582478A7A700F41E4B /* AppDelegate.swift in Sources */ = {isa = PBXBuildFile; fileRef = 11DB97572478A7A700F41E4B /* AppDelegate.swift */; };
		11DB975A2478A7A700F41E4B /* SceneDelegate.swift in Sources */ = {isa = PBXBuildFile; fileRef = 11DB97592478A7A700F41E4B /* SceneDelegate.swift */; };
		11DB975C2478A7A700F41E4B /* ViewController.swift in Sources */ = {isa = PBXBuildFile; fileRef = 11DB975B2478A7A700F41E4B /* ViewController.swift */; };
		11DB975F2478A7A700F41E4B /* Main.storyboard in Resources */ = {isa = PBXBuildFile; fileRef = 11DB975D2478A7A700F41E4B /* Main.storyboard */; };
		11DB97612478A7BC00F41E4B /* Assets.xcassets in Resources */ = {isa = PBXBuildFile; fileRef = 11DB97602478A7BC00F41E4B /* Assets.xcassets */; };
		11DB97642478A7BC00F41E4B /* LaunchScreen.storyboard in Resources */ = {isa = PBXBuildFile; fileRef = 11DB97622478A7BC00F41E4B /* LaunchScreen.storyboard */; };
		11DB976C2478A7F500F41E4B /* BudgetList.swift in Sources */ = {isa = PBXBuildFile; fileRef = 11DB976B2478A7F500F41E4B /* BudgetList.swift */; };
		11DB976E2478A84500F41E4B /* CardLayout.swift in Sources */ = {isa = PBXBuildFile; fileRef = 11DB976D2478A84500F41E4B /* CardLayout.swift */; };
		11DB97702478A9D300F41E4B /* VerticalCardLayout.swift in Sources */ = {isa = PBXBuildFile; fileRef = 11DB976F2478A9D300F41E4B /* VerticalCardLayout.swift */; };
		11DB97722478AA2900F41E4B /* CardView.swift in Sources */ = {isa = PBXBuildFile; fileRef = 11DB97712478AA2900F41E4B /* CardView.swift */; };
		11DB97742479820400F41E4B /* Constants.swift in Sources */ = {isa = PBXBuildFile; fileRef = 11DB97732479820400F41E4B /* Constants.swift */; };
		11DB97762479826800F41E4B /* HorizontalCardLayout.swift in Sources */ = {isa = PBXBuildFile; fileRef = 11DB97752479826800F41E4B /* HorizontalCardLayout.swift */; };
/* End PBXBuildFile section */

/* Begin PBXFileReference section */
		11A012F0247A190600AD51F3 /* GridLayout.swift */ = {isa = PBXFileReference; lastKnownFileType = sourcecode.swift; path = GridLayout.swift; sourceTree = "<group>"; };
		11DB97542478A7A700F41E4B /* BudgetLayout.app */ = {isa = PBXFileReference; explicitFileType = wrapper.application; includeInIndex = 0; path = BudgetLayout.app; sourceTree = BUILT_PRODUCTS_DIR; };
		11DB97572478A7A700F41E4B /* AppDelegate.swift */ = {isa = PBXFileReference; lastKnownFileType = sourcecode.swift; path = AppDelegate.swift; sourceTree = "<group>"; };
		11DB97592478A7A700F41E4B /* SceneDelegate.swift */ = {isa = PBXFileReference; lastKnownFileType = sourcecode.swift; path = SceneDelegate.swift; sourceTree = "<group>"; };
		11DB975B2478A7A700F41E4B /* ViewController.swift */ = {isa = PBXFileReference; lastKnownFileType = sourcecode.swift; path = ViewController.swift; sourceTree = "<group>"; };
		11DB975E2478A7A700F41E4B /* Base */ = {isa = PBXFileReference; lastKnownFileType = file.storyboard; name = Base; path = Base.lproj/Main.storyboard; sourceTree = "<group>"; };
		11DB97602478A7BC00F41E4B /* Assets.xcassets */ = {isa = PBXFileReference; lastKnownFileType = folder.assetcatalog; path = Assets.xcassets; sourceTree = "<group>"; };
		11DB97632478A7BC00F41E4B /* Base */ = {isa = PBXFileReference; lastKnownFileType = file.storyboard; name = Base; path = Base.lproj/LaunchScreen.storyboard; sourceTree = "<group>"; };
		11DB97652478A7BC00F41E4B /* Info.plist */ = {isa = PBXFileReference; lastKnownFileType = text.plist.xml; path = Info.plist; sourceTree = "<group>"; };
		11DB976B2478A7F500F41E4B /* BudgetList.swift */ = {isa = PBXFileReference; lastKnownFileType = sourcecode.swift; path = BudgetList.swift; sourceTree = "<group>"; };
		11DB976D2478A84500F41E4B /* CardLayout.swift */ = {isa = PBXFileReference; lastKnownFileType = sourcecode.swift; path = CardLayout.swift; sourceTree = "<group>"; };
		11DB976F2478A9D300F41E4B /* VerticalCardLayout.swift */ = {isa = PBXFileReference; lastKnownFileType = sourcecode.swift; path = VerticalCardLayout.swift; sourceTree = "<group>"; };
		11DB97712478AA2900F41E4B /* CardView.swift */ = {isa = PBXFileReference; lastKnownFileType = sourcecode.swift; path = CardView.swift; sourceTree = "<group>"; };
		11DB97732479820400F41E4B /* Constants.swift */ = {isa = PBXFileReference; lastKnownFileType = sourcecode.swift; path = Constants.swift; sourceTree = "<group>"; };
		11DB97752479826800F41E4B /* HorizontalCardLayout.swift */ = {isa = PBXFileReference; lastKnownFileType = sourcecode.swift; path = HorizontalCardLayout.swift; sourceTree = "<group>"; };
/* End PBXFileReference section */

/* Begin PBXFrameworksBuildPhase section */
		11DB97512478A7A700F41E4B /* Frameworks */ = {
			isa = PBXFrameworksBuildPhase;
			buildActionMask = 2147483647;
			files = (
			);
			runOnlyForDeploymentPostprocessing = 0;
		};
/* End PBXFrameworksBuildPhase section */

/* Begin PBXGroup section */
		11DB974B2478A7A700F41E4B = {
			isa = PBXGroup;
			children = (
				11DB97562478A7A700F41E4B /* BudgetLayout */,
				11DB97552478A7A700F41E4B /* Products */,
			);
			sourceTree = "<group>";
		};
		11DB97552478A7A700F41E4B /* Products */ = {
			isa = PBXGroup;
			children = (
				11DB97542478A7A700F41E4B /* BudgetLayout.app */,
			);
			name = Products;
			sourceTree = "<group>";
		};
		11DB97562478A7A700F41E4B /* BudgetLayout */ = {
			isa = PBXGroup;
			children = (
				11DB97572478A7A700F41E4B /* AppDelegate.swift */,
				11DB97592478A7A700F41E4B /* SceneDelegate.swift */,
				11DB975B2478A7A700F41E4B /* ViewController.swift */,
				11DB97712478AA2900F41E4B /* CardView.swift */,
				11DB976B2478A7F500F41E4B /* BudgetList.swift */,
				11DB976F2478A9D300F41E4B /* VerticalCardLayout.swift */,
				11DB97752479826800F41E4B /* HorizontalCardLayout.swift */,
				11A012F0247A190600AD51F3 /* GridLayout.swift */,
				11DB976D2478A84500F41E4B /* CardLayout.swift */,
				11DB97732479820400F41E4B /* Constants.swift */,
				11DB975D2478A7A700F41E4B /* Main.storyboard */,
				11DB97602478A7BC00F41E4B /* Assets.xcassets */,
				11DB97622478A7BC00F41E4B /* LaunchScreen.storyboard */,
				11DB97652478A7BC00F41E4B /* Info.plist */,
			);
			path = BudgetLayout;
			sourceTree = "<group>";
		};
/* End PBXGroup section */

/* Begin PBXNativeTarget section */
		11DB97532478A7A700F41E4B /* BudgetLayout */ = {
			isa = PBXNativeTarget;
			buildConfigurationList = 11DB97682478A7BC00F41E4B /* Build configuration list for PBXNativeTarget "BudgetLayout" */;
			buildPhases = (
				11DB97502478A7A700F41E4B /* Sources */,
				11DB97512478A7A700F41E4B /* Frameworks */,
				11DB97522478A7A700F41E4B /* Resources */,
			);
			buildRules = (
			);
			dependencies = (
			);
			name = BudgetLayout;
			productName = BudgetLayout;
			productReference = 11DB97542478A7A700F41E4B /* BudgetLayout.app */;
			productType = "com.apple.product-type.application";
		};
/* End PBXNativeTarget section */

/* Begin PBXProject section */
		11DB974C2478A7A700F41E4B /* Project object */ = {
			isa = PBXProject;
			attributes = {
				LastSwiftUpdateCheck = 1150;
				LastUpgradeCheck = 1150;
				ORGANIZATIONNAME = "Srivinayak Chaitanya Eshwa";
				TargetAttributes = {
					11DB97532478A7A700F41E4B = {
						CreatedOnToolsVersion = 11.5;
					};
				};
			};
			buildConfigurationList = 11DB974F2478A7A700F41E4B /* Build configuration list for PBXProject "BudgetLayout" */;
			compatibilityVersion = "Xcode 9.3";
			developmentRegion = en;
			hasScannedForEncodings = 0;
			knownRegions = (
				en,
				Base,
			);
			mainGroup = 11DB974B2478A7A700F41E4B;
			productRefGroup = 11DB97552478A7A700F41E4B /* Products */;
			projectDirPath = "";
			projectRoot = "";
			targets = (
				11DB97532478A7A700F41E4B /* BudgetLayout */,
			);
		};
/* End PBXProject section */

/* Begin PBXResourcesBuildPhase section */
		11DB97522478A7A700F41E4B /* Resources */ = {
			isa = PBXResourcesBuildPhase;
			buildActionMask = 2147483647;
			files = (
				11DB97642478A7BC00F41E4B /* LaunchScreen.storyboard in Resources */,
				11DB97612478A7BC00F41E4B /* Assets.xcassets in Resources */,
				11DB975F2478A7A700F41E4B /* Main.storyboard in Resources */,
			);
			runOnlyForDeploymentPostprocessing = 0;
		};
/* End PBXResourcesBuildPhase section */

/* Begin PBXSourcesBuildPhase section */
		11DB97502478A7A700F41E4B /* Sources */ = {
			isa = PBXSourcesBuildPhase;
			buildActionMask = 2147483647;
			files = (
				11DB97722478AA2900F41E4B /* CardView.swift in Sources */,
				11DB976E2478A84500F41E4B /* CardLayout.swift in Sources */,
				11DB975C2478A7A700F41E4B /* ViewController.swift in Sources */,
				11DB97762479826800F41E4B /* HorizontalCardLayout.swift in Sources */,
				11DB97702478A9D300F41E4B /* VerticalCardLayout.swift in Sources */,
				11DB97582478A7A700F41E4B /* AppDelegate.swift in Sources */,
				11DB976C2478A7F500F41E4B /* BudgetList.swift in Sources */,
				11A012F1247A190600AD51F3 /* GridLayout.swift in Sources */,
				11DB975A2478A7A700F41E4B /* SceneDelegate.swift in Sources */,
				11DB97742479820400F41E4B /* Constants.swift in Sources */,
			);
			runOnlyForDeploymentPostprocessing = 0;
		};
/* End PBXSourcesBuildPhase section */

/* Begin PBXVariantGroup section */
		11DB975D2478A7A700F41E4B /* Main.storyboard */ = {
			isa = PBXVariantGroup;
			children = (
				11DB975E2478A7A700F41E4B /* Base */,
			);
			name = Main.storyboard;
			sourceTree = "<group>";
		};
		11DB97622478A7BC00F41E4B /* LaunchScreen.storyboard */ = {
			isa = PBXVariantGroup;
			children = (
				11DB97632478A7BC00F41E4B /* Base */,
			);
			name = LaunchScreen.storyboard;
			sourceTree = "<group>";
		};
/* End PBXVariantGroup section */

/* Begin XCBuildConfiguration section */
		11DB97662478A7BC00F41E4B /* Debug */ = {
			isa = XCBuildConfiguration;
			buildSettings = {
				ALWAYS_SEARCH_USER_PATHS = NO;
				CLANG_ANALYZER_NONNULL = YES;
				CLANG_ANALYZER_NUMBER_OBJECT_CONVERSION = YES_AGGRESSIVE;
				CLANG_CXX_LANGUAGE_STANDARD = "gnu++14";
				CLANG_CXX_LIBRARY = "libc++";
				CLANG_ENABLE_MODULES = YES;
				CLANG_ENABLE_OBJC_ARC = YES;
				CLANG_ENABLE_OBJC_WEAK = YES;
				CLANG_WARN_BLOCK_CAPTURE_AUTORELEASING = YES;
				CLANG_WARN_BOOL_CONVERSION = YES;
				CLANG_WARN_COMMA = YES;
				CLANG_WARN_CONSTANT_CONVERSION = YES;
				CLANG_WARN_DEPRECATED_OBJC_IMPLEMENTATIONS = YES;
				CLANG_WARN_DIRECT_OBJC_ISA_USAGE = YES_ERROR;
				CLANG_WARN_DOCUMENTATION_COMMENTS = YES;
				CLANG_WARN_EMPTY_BODY = YES;
				CLANG_WARN_ENUM_CONVERSION = YES;
				CLANG_WARN_INFINITE_RECURSION = YES;
				CLANG_WARN_INT_CONVERSION = YES;
				CLANG_WARN_NON_LITERAL_NULL_CONVERSION = YES;
				CLANG_WARN_OBJC_IMPLICIT_RETAIN_SELF = YES;
				CLANG_WARN_OBJC_LITERAL_CONVERSION = YES;
				CLANG_WARN_OBJC_ROOT_CLASS = YES_ERROR;
				CLANG_WARN_RANGE_LOOP_ANALYSIS = YES;
				CLANG_WARN_STRICT_PROTOTYPES = YES;
				CLANG_WARN_SUSPICIOUS_MOVE = YES;
				CLANG_WARN_UNGUARDED_AVAILABILITY = YES_AGGRESSIVE;
				CLANG_WARN_UNREACHABLE_CODE = YES;
				CLANG_WARN__DUPLICATE_METHOD_MATCH = YES;
				COPY_PHASE_STRIP = NO;
				DEBUG_INFORMATION_FORMAT = dwarf;
				ENABLE_STRICT_OBJC_MSGSEND = YES;
				ENABLE_TESTABILITY = YES;
				GCC_C_LANGUAGE_STANDARD = gnu11;
				GCC_DYNAMIC_NO_PIC = NO;
				GCC_NO_COMMON_BLOCKS = YES;
				GCC_OPTIMIZATION_LEVEL = 0;
				GCC_PREPROCESSOR_DEFINITIONS = (
					"DEBUG=1",
					"$(inherited)",
				);
				GCC_WARN_64_TO_32_BIT_CONVERSION = YES;
				GCC_WARN_ABOUT_RETURN_TYPE = YES_ERROR;
				GCC_WARN_UNDECLARED_SELECTOR = YES;
				GCC_WARN_UNINITIALIZED_AUTOS = YES_AGGRESSIVE;
				GCC_WARN_UNUSED_FUNCTION = YES;
				GCC_WARN_UNUSED_VARIABLE = YES;
				IPHONEOS_DEPLOYMENT_TARGET = 13.0;
				MTL_ENABLE_DEBUG_INFO = INCLUDE_SOURCE;
				MTL_FAST_MATH = YES;
				ONLY_ACTIVE_ARCH = YES;
				SDKROOT = iphoneos;
				SWIFT_ACTIVE_COMPILATION_CONDITIONS = DEBUG;
				SWIFT_OPTIMIZATION_LEVEL = "-Onone";
			};
			name = Debug;
		};
		11DB97672478A7BC00F41E4B /* Release */ = {
			isa = XCBuildConfiguration;
			buildSettings = {
				ALWAYS_SEARCH_USER_PATHS = NO;
				CLANG_ANALYZER_NONNULL = YES;
				CLANG_ANALYZER_NUMBER_OBJECT_CONVERSION = YES_AGGRESSIVE;
				CLANG_CXX_LANGUAGE_STANDARD = "gnu++14";
				CLANG_CXX_LIBRARY = "libc++";
				CLANG_ENABLE_MODULES = YES;
				CLANG_ENABLE_OBJC_ARC = YES;
				CLANG_ENABLE_OBJC_WEAK = YES;
				CLANG_WARN_BLOCK_CAPTURE_AUTORELEASING = YES;
				CLANG_WARN_BOOL_CONVERSION = YES;
				CLANG_WARN_COMMA = YES;
				CLANG_WARN_CONSTANT_CONVERSION = YES;
				CLANG_WARN_DEPRECATED_OBJC_IMPLEMENTATIONS = YES;
				CLANG_WARN_DIRECT_OBJC_ISA_USAGE = YES_ERROR;
				CLANG_WARN_DOCUMENTATION_COMMENTS = YES;
				CLANG_WARN_EMPTY_BODY = YES;
				CLANG_WARN_ENUM_CONVERSION = YES;
				CLANG_WARN_INFINITE_RECURSION = YES;
				CLANG_WARN_INT_CONVERSION = YES;
				CLANG_WARN_NON_LITERAL_NULL_CONVERSION = YES;
				CLANG_WARN_OBJC_IMPLICIT_RETAIN_SELF = YES;
				CLANG_WARN_OBJC_LITERAL_CONVERSION = YES;
				CLANG_WARN_OBJC_ROOT_CLASS = YES_ERROR;
				CLANG_WARN_RANGE_LOOP_ANALYSIS = YES;
				CLANG_WARN_STRICT_PROTOTYPES = YES;
				CLANG_WARN_SUSPICIOUS_MOVE = YES;
				CLANG_WARN_UNGUARDED_AVAILABILITY = YES_AGGRESSIVE;
				CLANG_WARN_UNREACHABLE_CODE = YES;
				CLANG_WARN__DUPLICATE_METHOD_MATCH = YES;
				COPY_PHASE_STRIP = NO;
				DEBUG_INFORMATION_FORMAT = "dwarf-with-dsym";
				ENABLE_NS_ASSERTIONS = NO;
				ENABLE_STRICT_OBJC_MSGSEND = YES;
				GCC_C_LANGUAGE_STANDARD = gnu11;
				GCC_NO_COMMON_BLOCKS = YES;
				GCC_WARN_64_TO_32_BIT_CONVERSION = YES;
				GCC_WARN_ABOUT_RETURN_TYPE = YES_ERROR;
				GCC_WARN_UNDECLARED_SELECTOR = YES;
				GCC_WARN_UNINITIALIZED_AUTOS = YES_AGGRESSIVE;
				GCC_WARN_UNUSED_FUNCTION = YES;
				GCC_WARN_UNUSED_VARIABLE = YES;
				IPHONEOS_DEPLOYMENT_TARGET = 13.0;
				MTL_ENABLE_DEBUG_INFO = NO;
				MTL_FAST_MATH = YES;
				SDKROOT = iphoneos;
				SWIFT_COMPILATION_MODE = wholemodule;
				SWIFT_OPTIMIZATION_LEVEL = "-O";
				VALIDATE_PRODUCT = YES;
			};
			name = Release;
		};
		11DB97692478A7BC00F41E4B /* Debug */ = {
			isa = XCBuildConfiguration;
			buildSettings = {
				ASSETCATALOG_COMPILER_APPICON_NAME = AppIcon;
				CODE_SIGN_STYLE = Automatic;
				DEVELOPMENT_TEAM = S2LV3T7DFP;
				INFOPLIST_FILE = BudgetLayout/Info.plist;
				LD_RUNPATH_SEARCH_PATHS = (
					"$(inherited)",
					"@executable_path/Frameworks",
				);
				PRODUCT_BUNDLE_IDENTIFIER = com.vinnu.BudgetLayout;
				PRODUCT_NAME = "$(TARGET_NAME)";
				SWIFT_VERSION = 5.0;
				TARGETED_DEVICE_FAMILY = "1,2";
			};
			name = Debug;
		};
		11DB976A2478A7BC00F41E4B /* Release */ = {
			isa = XCBuildConfiguration;
			buildSettings = {
				ASSETCATALOG_COMPILER_APPICON_NAME = AppIcon;
				CODE_SIGN_STYLE = Automatic;
				DEVELOPMENT_TEAM = S2LV3T7DFP;
				INFOPLIST_FILE = BudgetLayout/Info.plist;
				LD_RUNPATH_SEARCH_PATHS = (
					"$(inherited)",
					"@executable_path/Frameworks",
				);
				PRODUCT_BUNDLE_IDENTIFIER = com.vinnu.BudgetLayout;
				PRODUCT_NAME = "$(TARGET_NAME)";
				SWIFT_VERSION = 5.0;
				TARGETED_DEVICE_FAMILY = "1,2";
			};
			name = Release;
		};
/* End XCBuildConfiguration section */

/* Begin XCConfigurationList section */
		11DB974F2478A7A700F41E4B /* Build configuration list for PBXProject "BudgetLayout" */ = {
			isa = XCConfigurationList;
			buildConfigurations = (
				11DB97662478A7BC00F41E4B /* Debug */,
				11DB97672478A7BC00F41E4B /* Release */,
			);
			defaultConfigurationIsVisible = 0;
			defaultConfigurationName = Release;
		};
		11DB97682478A7BC00F41E4B /* Build configuration list for PBXNativeTarget "BudgetLayout" */ = {
			isa = XCConfigurationList;
			buildConfigurations = (
				11DB97692478A7BC00F41E4B /* Debug */,
				11DB976A2478A7BC00F41E4B /* Release */,
			);
			defaultConfigurationIsVisible = 0;
			defaultConfigurationName = Release;
		};
/* End XCConfigurationList section */
	};
	rootObject = 11DB974C2478A7A700F41E4B /* Project object */;
}
